
Microsoft Visual Studio Solution File, Format Version 12.00
# Visual Studio Version 16
VisualStudioVersion = 16.0.29503.13
MinimumVisualStudioVersion = 10.0.40219.1
Project("{FAE04EC0-301F-11D3-BF4B-00C04F79EFBC}") = "FinalProjectAssignment2019", "FinalProjectAssignment2019\FinalProjectAssignment2019.csproj", "{A1BB9A8A-BD38-4BF8-9C40-4B6CF72DB2C8}"
EndProject
Global
	GlobalSection(SolutionConfigurationPlatforms) = preSolution
		Debug|Any CPU = Debug|Any CPU
		Release|Any CPU = Release|Any CPU
	EndGlobalSection
	GlobalSection(ProjectConfigurationPlatforms) = postSolution
		{A1BB9A8A-BD38-4BF8-9C40-4B6CF72DB2C8}.Debug|Any CPU.ActiveCfg = Debug|Any CPU
		{A1BB9A8A-BD38-4BF8-9C40-4B6CF72DB2C8}.Debug|Any CPU.Build.0 = Debug|Any CPU
		{A1BB9A8A-BD38-4BF8-9C40-4B6CF72DB2C8}.Release|Any CPU.ActiveCfg = Release|Any CPU
		{A1BB9A8A-BD38-4BF8-9C40-4B6CF72DB2C8}.Release|Any CPU.Build.0 = Release|Any CPU
	EndGlobalSection
	GlobalSection(SolutionProperties) = preSolution
		HideSolutionNode = FALSE
	EndGlobalSection
	GlobalSection(ExtensibilityGlobals) = postSolution
		SolutionGuid = {32FD0086-6389-4BA8-866B-3B9CF472CBA6}
	EndGlobalSection
EndGlobal
